
Microsoft Visual Studio Solution File, Format Version 12.00
# Visual Studio Version 16
VisualStudioVersion = 16.0.33027.164
MinimumVisualStudioVersion = 10.0.40219.1
Project("{9A19103F-16F7-4668-BE54-9A1E7A4F7556}") = "CarRentalManagment.Server", "CarRentalManagment\Server\CarRentalManagment.Server.csproj", "{0A613A91-99C2-47BA-A034-EBA2D558022A}"
EndProject
Project("{9A19103F-16F7-4668-BE54-9A1E7A4F7556}") = "CarRentalManagment.Client", "CarRentalManagment\Client\CarRentalManagment.Client.csproj", "{C0412AC0-FC0D-48ED-940B-20961D72F198}"
EndProject
Project("{9A19103F-16F7-4668-BE54-9A1E7A4F7556}") = "CarRentalManagment.Shared", "CarRentalManagment\Shared\CarRentalManagment.Shared.csproj", "{42C1D35B-CC5C-4716-A3DE-F743AEDD75EA}"
EndProject
Global
	GlobalSection(SolutionConfigurationPlatforms) = preSolution
		Debug|Any CPU = Debug|Any CPU
		Release|Any CPU = Release|Any CPU
	EndGlobalSection
	GlobalSection(ProjectConfigurationPlatforms) = postSolution
		{0A613A91-99C2-47BA-A034-EBA2D558022A}.Debug|Any CPU.ActiveCfg = Debug|Any CPU
		{0A613A91-99C2-47BA-A034-EBA2D558022A}.Debug|Any CPU.Build.0 = Debug|Any CPU
		{0A613A91-99C2-47BA-A034-EBA2D558022A}.Release|Any CPU.ActiveCfg = Release|Any CPU
		{0A613A91-99C2-47BA-A034-EBA2D558022A}.Release|Any CPU.Build.0 = Release|Any CPU
		{C0412AC0-FC0D-48ED-940B-20961D72F198}.Debug|Any CPU.ActiveCfg = Debug|Any CPU
		{C0412AC0-FC0D-48ED-940B-20961D72F198}.Debug|Any CPU.Build.0 = Debug|Any CPU
		{C0412AC0-FC0D-48ED-940B-20961D72F198}.Release|Any CPU.ActiveCfg = Release|Any CPU
		{C0412AC0-FC0D-48ED-940B-20961D72F198}.Release|Any CPU.Build.0 = Release|Any CPU
		{42C1D35B-CC5C-4716-A3DE-F743AEDD75EA}.Debug|Any CPU.ActiveCfg = Debug|Any CPU
		{42C1D35B-CC5C-4716-A3DE-F743AEDD75EA}.Debug|Any CPU.Build.0 = Debug|Any CPU
		{42C1D35B-CC5C-4716-A3DE-F743AEDD75EA}.Release|Any CPU.ActiveCfg = Release|Any CPU
		{42C1D35B-CC5C-4716-A3DE-F743AEDD75EA}.Release|Any CPU.Build.0 = Release|Any CPU
	EndGlobalSection
	GlobalSection(SolutionProperties) = preSolution
		HideSolutionNode = FALSE
	EndGlobalSection
	GlobalSection(ExtensibilityGlobals) = postSolution
		SolutionGuid = {F003BCFB-BAC2-438C-8A06-E9E0F843114D}
	EndGlobalSection
EndGlobal
